Microsoft Visual Studio Solution File, Format Version 12.00
# Visual Studio Version 17
VisualStudioVersion = 17.5.2.0
MinimumVisualStudioVersion = 10.0.40219.1
Project("{FAE04EC0-301F-11D3-BF4B-00C04F79EFBC}") = "OLAF", "OLAF.csproj", "{A15C222F-11DE-4A2A-0904-1BFECA1AC4F2}"
EndProject
Project("{FAE04EC0-301F-11D3-BF4B-00C04F79EFBC}") = "OLAF.Tests", "OLAF.Tests\OLAF.Tests.csproj", "{B2D4E3F5-22CF-5B3B-0A15-2CFADB2BD5E3}"
EndProject
Global
	GlobalSection(SolutionConfigurationPlatforms) = preSolution
		Debug|Any CPU = Debug|Any CPU
		Release|Any CPU = Release|Any CPU
	EndGlobalSection
	GlobalSection(ProjectConfigurationPlatforms) = postSolution
		{A15C222F-11DE-4A2A-0904-1BFECA1AC4F2}.Debug|Any CPU.ActiveCfg = Debug|Any CPU
		{A15C222F-11DE-4A2A-0904-1BFECA1AC4F2}.Debug|Any CPU.Build.0 = Debug|Any CPU
		{A15C222F-11DE-4A2A-0904-1BFECA1AC4F2}.Release|Any CPU.ActiveCfg = Release|Any CPU
		{A15C222F-11DE-4A2A-0904-1BFECA1AC4F2}.Release|Any CPU.Build.0 = Release|Any CPU
		{B2D4E3F5-22CF-5B3B-0A15-2CFADB2BD5E3}.Debug|Any CPU.ActiveCfg = Debug|Any CPU
		{B2D4E3F5-22CF-5B3B-0A15-2CFADB2BD5E3}.Debug|Any CPU.Build.0 = Debug|Any CPU
		{B2D4E3F5-22CF-5B3B-0A15-2CFADB2BD5E3}.Release|Any CPU.ActiveCfg = Release|Any CPU
		{B2D4E3F5-22CF-5B3B-0A15-2CFADB2BD5E3}.Release|Any CPU.Build.0 = Release|Any CPU
	EndGlobalSection
	GlobalSection(SolutionProperties) = preSolution
		HideSolutionNode = FALSE
	EndGlobalSection
	GlobalSection(ExtensibilityGlobals) = postSolution
		SolutionGuid = {FF1AAE1F-A9EF-4579-8154-835381541922}
	EndGlobalSection
EndGlobal
